# This file is automatically @generated by Cargo.
# It is not intended for manual editing.
version = 3

[[package]]
name = "akin"
version = "0.2.3"
source = "registry+https://github.com/rust-lang/crates.io-index"
checksum = "a83b9ba60da592c4de27cced3fe0479da8e831468422e39dc7c9b22a87f21ab6"

[[package]]
name = "tost"
version = "0.1.0"
dependencies = [
 "akin",
]
